
Microsoft Visual Studio Solution File, Format Version 12.00
# Visual Studio Version 17
VisualStudioVersion = 17.3.32819.101
MinimumVisualStudioVersion = 10.0.40219.1
Project("{FAE04EC0-301F-11D3-BF4B-00C04F79EFBC}") = "RedisClass", "RedisClass\RedisClass.csproj", "{7A6444CD-C50B-4A6A-9A30-65AC24A1E6A2}"
EndProject
Global
	GlobalSection(SolutionConfigurationPlatforms) = preSolution
		Debug|Any CPU = Debug|Any CPU
		Release|Any CPU = Release|Any CPU
	EndGlobalSection
	GlobalSection(ProjectConfigurationPlatforms) = postSolution
		{7A6444CD-C50B-4A6A-9A30-65AC24A1E6A2}.Debug|Any CPU.ActiveCfg = Debug|Any CPU
		{7A6444CD-C50B-4A6A-9A30-65AC24A1E6A2}.Debug|Any CPU.Build.0 = Debug|Any CPU
		{7A6444CD-C50B-4A6A-9A30-65AC24A1E6A2}.Release|Any CPU.ActiveCfg = Release|Any CPU
		{7A6444CD-C50B-4A6A-9A30-65AC24A1E6A2}.Release|Any CPU.Build.0 = Release|Any CPU
	EndGlobalSection
	GlobalSection(SolutionProperties) = preSolution
		HideSolutionNode = FALSE
	EndGlobalSection
	GlobalSection(ExtensibilityGlobals) = postSolution
		SolutionGuid = {977AEEAA-7643-4127-8106-A004891C0F47}
	EndGlobalSection
EndGlobal
