
Microsoft Visual Studio Solution File, Format Version 12.00
# Visual Studio Version 17
VisualStudioVersion = 17.3.32819.101
MinimumVisualStudioVersion = 10.0.40219.1
Project("{FAE04EC0-301F-11D3-BF4B-00C04F79EFBC}") = "CoreConfigApp", "CoreConfigApp\CoreConfigApp.csproj", "{359639CE-A7D6-4891-8834-E0F4B1647F70}"
EndProject
Global
	GlobalSection(SolutionConfigurationPlatforms) = preSolution
		Debug|Any CPU = Debug|Any CPU
		Release|Any CPU = Release|Any CPU
	EndGlobalSection
	GlobalSection(ProjectConfigurationPlatforms) = postSolution
		{359639CE-A7D6-4891-8834-E0F4B1647F70}.Debug|Any CPU.ActiveCfg = Debug|Any CPU
		{359639CE-A7D6-4891-8834-E0F4B1647F70}.Debug|Any CPU.Build.0 = Debug|Any CPU
		{359639CE-A7D6-4891-8834-E0F4B1647F70}.Release|Any CPU.ActiveCfg = Release|Any CPU
		{359639CE-A7D6-4891-8834-E0F4B1647F70}.Release|Any CPU.Build.0 = Release|Any CPU
	EndGlobalSection
	GlobalSection(SolutionProperties) = preSolution
		HideSolutionNode = FALSE
	EndGlobalSection
	GlobalSection(ExtensibilityGlobals) = postSolution
		SolutionGuid = {F4FED0A0-8575-4A18-BC48-BAD1614CC6BE}
	EndGlobalSection
EndGlobal
