
Microsoft Visual Studio Solution File, Format Version 12.00
# Visual Studio Version 17
VisualStudioVersion = 17.3.32819.101
MinimumVisualStudioVersion = 10.0.40219.1
Project("{FAE04EC0-301F-11D3-BF4B-00C04F79EFBC}") = "MVC_example09_22", "MVC_example09_22\MVC_example09_22.csproj", "{737E3FDC-2B9A-42FB-8FD2-C5C96FAC478D}"
EndProject
Global
	GlobalSection(SolutionConfigurationPlatforms) = preSolution
		Debug|Any CPU = Debug|Any CPU
		Release|Any CPU = Release|Any CPU
	EndGlobalSection
	GlobalSection(ProjectConfigurationPlatforms) = postSolution
		{737E3FDC-2B9A-42FB-8FD2-C5C96FAC478D}.Debug|Any CPU.ActiveCfg = Debug|Any CPU
		{737E3FDC-2B9A-42FB-8FD2-C5C96FAC478D}.Debug|Any CPU.Build.0 = Debug|Any CPU
		{737E3FDC-2B9A-42FB-8FD2-C5C96FAC478D}.Release|Any CPU.ActiveCfg = Release|Any CPU
		{737E3FDC-2B9A-42FB-8FD2-C5C96FAC478D}.Release|Any CPU.Build.0 = Release|Any CPU
	EndGlobalSection
	GlobalSection(SolutionProperties) = preSolution
		HideSolutionNode = FALSE
	EndGlobalSection
	GlobalSection(ExtensibilityGlobals) = postSolution
		SolutionGuid = {F9344E8B-B120-4489-8344-2D384EE7F2A1}
	EndGlobalSection
EndGlobal
