
Microsoft Visual Studio Solution File, Format Version 12.00
# Visual Studio Version 17
VisualStudioVersion = 17.3.32819.101
MinimumVisualStudioVersion = 10.0.40219.1
Project("{FAE04EC0-301F-11D3-BF4B-00C04F79EFBC}") = "SignalRChat", "SignalRChat\SignalRChat.csproj", "{71A1C12E-A35E-4776-925C-1A28B3F141FD}"
EndProject
Global
	GlobalSection(SolutionConfigurationPlatforms) = preSolution
		Debug|Any CPU = Debug|Any CPU
		Release|Any CPU = Release|Any CPU
	EndGlobalSection
	GlobalSection(ProjectConfigurationPlatforms) = postSolution
		{71A1C12E-A35E-4776-925C-1A28B3F141FD}.Debug|Any CPU.ActiveCfg = Debug|Any CPU
		{71A1C12E-A35E-4776-925C-1A28B3F141FD}.Debug|Any CPU.Build.0 = Debug|Any CPU
		{71A1C12E-A35E-4776-925C-1A28B3F141FD}.Release|Any CPU.ActiveCfg = Release|Any CPU
		{71A1C12E-A35E-4776-925C-1A28B3F141FD}.Release|Any CPU.Build.0 = Release|Any CPU
	EndGlobalSection
	GlobalSection(SolutionProperties) = preSolution
		HideSolutionNode = FALSE
	EndGlobalSection
	GlobalSection(ExtensibilityGlobals) = postSolution
		SolutionGuid = {17B27D20-915C-4F6A-89B6-F8D81FB87D2F}
	EndGlobalSection
EndGlobal
