
Microsoft Visual Studio Solution File, Format Version 12.00
# Visual Studio Version 17
VisualStudioVersion = 17.3.32819.101
MinimumVisualStudioVersion = 10.0.40219.1
Project("{FAE04EC0-301F-11D3-BF4B-00C04F79EFBC}") = "SignalPractise", "SignalPractise\SignalPractise.csproj", "{6E62564D-C22B-448A-9CA5-13C4D21C10EA}"
EndProject
Global
	GlobalSection(SolutionConfigurationPlatforms) = preSolution
		Debug|Any CPU = Debug|Any CPU
		Release|Any CPU = Release|Any CPU
	EndGlobalSection
	GlobalSection(ProjectConfigurationPlatforms) = postSolution
		{6E62564D-C22B-448A-9CA5-13C4D21C10EA}.Debug|Any CPU.ActiveCfg = Debug|Any CPU
		{6E62564D-C22B-448A-9CA5-13C4D21C10EA}.Debug|Any CPU.Build.0 = Debug|Any CPU
		{6E62564D-C22B-448A-9CA5-13C4D21C10EA}.Release|Any CPU.ActiveCfg = Release|Any CPU
		{6E62564D-C22B-448A-9CA5-13C4D21C10EA}.Release|Any CPU.Build.0 = Release|Any CPU
	EndGlobalSection
	GlobalSection(SolutionProperties) = preSolution
		HideSolutionNode = FALSE
	EndGlobalSection
	GlobalSection(ExtensibilityGlobals) = postSolution
		SolutionGuid = {A7CB8EE0-CED0-45D0-83C7-19DFF631BFAC}
	EndGlobalSection
EndGlobal
