
Microsoft Visual Studio Solution File, Format Version 12.00
# Visual Studio Version 17
VisualStudioVersion = 17.3.32819.101
MinimumVisualStudioVersion = 10.0.40219.1
Project("{FAE04EC0-301F-11D3-BF4B-00C04F79EFBC}") = "Console_05_09", "Console_05_09\Console_05_09.csproj", "{3BE849F4-17AE-4D86-BFBE-50998556CC5E}"
EndProject
Global
	GlobalSection(SolutionConfigurationPlatforms) = preSolution
		Debug|Any CPU = Debug|Any CPU
		Release|Any CPU = Release|Any CPU
	EndGlobalSection
	GlobalSection(ProjectConfigurationPlatforms) = postSolution
		{3BE849F4-17AE-4D86-BFBE-50998556CC5E}.Debug|Any CPU.ActiveCfg = Debug|Any CPU
		{3BE849F4-17AE-4D86-BFBE-50998556CC5E}.Debug|Any CPU.Build.0 = Debug|Any CPU
		{3BE849F4-17AE-4D86-BFBE-50998556CC5E}.Release|Any CPU.ActiveCfg = Release|Any CPU
		{3BE849F4-17AE-4D86-BFBE-50998556CC5E}.Release|Any CPU.Build.0 = Release|Any CPU
	EndGlobalSection
	GlobalSection(SolutionProperties) = preSolution
		HideSolutionNode = FALSE
	EndGlobalSection
	GlobalSection(ExtensibilityGlobals) = postSolution
		SolutionGuid = {B4E41391-861B-46B9-962E-EF46CC463EE9}
	EndGlobalSection
EndGlobal
