
Microsoft Visual Studio Solution File, Format Version 12.00
# Visual Studio Version 17
VisualStudioVersion = 17.3.32819.101
MinimumVisualStudioVersion = 10.0.40219.1
Project("{FAE04EC0-301F-11D3-BF4B-00C04F79EFBC}") = "MediatorPractise", "MediatorPractise\MediatorPractise.csproj", "{B64BE56E-C5ED-4C23-B90E-7F72A2CA86D9}"
EndProject
Global
	GlobalSection(SolutionConfigurationPlatforms) = preSolution
		Debug|Any CPU = Debug|Any CPU
		Release|Any CPU = Release|Any CPU
	EndGlobalSection
	GlobalSection(ProjectConfigurationPlatforms) = postSolution
		{B64BE56E-C5ED-4C23-B90E-7F72A2CA86D9}.Debug|Any CPU.ActiveCfg = Debug|Any CPU
		{B64BE56E-C5ED-4C23-B90E-7F72A2CA86D9}.Debug|Any CPU.Build.0 = Debug|Any CPU
		{B64BE56E-C5ED-4C23-B90E-7F72A2CA86D9}.Release|Any CPU.ActiveCfg = Release|Any CPU
		{B64BE56E-C5ED-4C23-B90E-7F72A2CA86D9}.Release|Any CPU.Build.0 = Release|Any CPU
	EndGlobalSection
	GlobalSection(SolutionProperties) = preSolution
		HideSolutionNode = FALSE
	EndGlobalSection
	GlobalSection(ExtensibilityGlobals) = postSolution
		SolutionGuid = {A5D6075F-3F31-46BD-A2CA-687BA07575C5}
	EndGlobalSection
EndGlobal
